// !$*UTF8*$!
{
	archiveVersion = 1;
	classes = {
	};
	objectVersion = 77;
	objects = {

/* Begin PBXBuildFile section */
		030DB864178EF4BB7B0439BA /* CalibrationView.swift in Sources */ = {isa = PBXBuildFile; fileRef = 622F2E1A346D02B435A0299C /* CalibrationView.swift */; };
		04F1EE7570C3EC744DB0552D /* IKDriftDiagnosticsTests.swift in Sources */ = {isa = PBXBuildFile; fileRef = AFAE9EC6FC90AA7AC829F48E /* IKDriftDiagnosticsTests.swift */; };
		19E2D7453EE33B78EB0260AA /* MuscleSolver.mm in Sources */ = {isa = PBXBuildFile; fileRef = D8B9BD44107DF71632646C0E /* MuscleSolver.mm */; };
		1D0C2C290242C2C96F04CF93 /* PostureFindingsRealPoseTests.swift in Sources */ = {isa = PBXBuildFile; fileRef = 8CA8EDF03A71660632ECC367 /* PostureFindingsRealPoseTests.swift */; };
		1D59AE434199F406B1B6F502 /* StaticEquilibriumBenchmarkTests.swift in Sources */ = {isa = PBXBuildFile; fileRef = C18C6B5EE39B4A7DCDF41DE4 /* StaticEquilibriumBenchmarkTests.swift */; };
		1FD6CC744D84148325707D8E /* AssetPackDownloader.swift in Sources */ = {isa = PBXBuildFile; fileRef = FD7D9E43807A790AC61DE000 /* AssetPackDownloader.swift */; };
		2054C2A9E28C0BC0833FCFC9 /* NimbleBridge.mm in Sources */ = {isa = PBXBuildFile; fileRef = CF5D35BA98B286FEF7D0F3A2 /* NimbleBridge.mm */; };
		20F59FB07F06FD0CAC0E3C90 /* MuscleSolverTests.swift in Sources */ = {isa = PBXBuildFile; fileRef = 91F66CB7BEA67689B99D4833 /* MuscleSolverTests.swift */; };
		230B1F67B40CFD95799F8811 /* ContentView.swift in Sources */ = {isa = PBXBuildFile; fileRef = 137569E8BB6168170913C1FE /* ContentView.swift */; };
		235F9CF6080D2CE0E058DA15 /* MotionRecorder.swift in Sources */ = {isa = PBXBuildFile; fileRef = C37A4A07CA2D87A4DFFF4348 /* MotionRecorder.swift */; };
		29B078F80BE0BD2B6932F62F /* PostureFindingsPanel.swift in Sources */ = {isa = PBXBuildFile; fileRef = 775F4957CF5DB42E50C8792A /* PostureFindingsPanel.swift */; };
		29D930260612AA4E66B15B3B /* SAM3DPoseEstimator.swift in Sources */ = {isa = PBXBuildFile; fileRef = C7AB824FE7872485E9CEBFC3 /* SAM3DPoseEstimator.swift */; };
		2C7506D9DF3193772049F56A /* PhotoOverlayView.swift in Sources */ = {isa = PBXBuildFile; fileRef = 76B44E86911B6D34B6D8EEBA /* PhotoOverlayView.swift */; };
		32F526B0CAC7BDF4677DC5BF /* BodyJointTests.swift in Sources */ = {isa = PBXBuildFile; fileRef = 39C64A42A229077EC3CF47FD /* BodyJointTests.swift */; };
		39898570C7128B9A2770FC21 /* ShoulderRotObservabilityTests.mm in Sources */ = {isa = PBXBuildFile; fileRef = 1F460BBF2CEB2DE7A1735390 /* ShoulderRotObservabilityTests.mm */; };
		39A5BD9ECC7553A6C9F6E556 /* OneEuroFilter.swift in Sources */ = {isa = PBXBuildFile; fileRef = 4A5E8807D42FF44784FCF22F /* OneEuroFilter.swift */; };
		440AB016E47D178EFB6CA14F /* OfflineImportView.swift in Sources */ = {isa = PBXBuildFile; fileRef = 809295CEBE3A3EE0C68051A9 /* OfflineImportView.swift */; };
		4E7BB08733F58643DA1F0946 /* README.md in Resources */ = {isa = PBXBuildFile; fileRef = 548ECA121A57E096D1964D0B /* README.md */; };
		58D9B346925617BEEE77A5D3 /* FullBodyDOFFixture.swift in Sources */ = {isa = PBXBuildFile; fileRef = 9E68C0715E9D9E407234A2F8 /* FullBodyDOFFixture.swift */; };
		59DA26453868CF7B43C39B26 /* NimbleBridgeTests.swift in Sources */ = {isa = PBXBuildFile; fileRef = AF341D3E417E0E3014A867EA /* NimbleBridgeTests.swift */; };
		5EAF2F8A2F45C0B4C65E83C0 /* CalibrationTests.swift in Sources */ = {isa = PBXBuildFile; fileRef = 3369B0945E741E0FBCC7D4E1 /* CalibrationTests.swift */; };
		5EB4E09CAD2BF5644147136D /* MomentArmTests.swift in Sources */ = {isa = PBXBuildFile; fileRef = BBA3DB595817CE4AC35EB1E9 /* MomentArmTests.swift */; };
		68975B28DCF3CD55E9EB1746 /* PostureFindingsTests.swift in Sources */ = {isa = PBXBuildFile; fileRef = 08C1A764BB25EFC31CC9ED09 /* PostureFindingsTests.swift */; };
		68ADD79B07C15C342DFB2CB5 /* E1MarkerSetComparisonTests.mm in Sources */ = {isa = PBXBuildFile; fileRef = A8E2DEF6905CA595DA267C6A /* E1MarkerSetComparisonTests.mm */; };
		732EF1424B7BE159A1A2A35B /* GaitClipFixtureTests.swift in Sources */ = {isa = PBXBuildFile; fileRef = 52B4879A902F36227CC79DBA /* GaitClipFixtureTests.swift */; };
		7CC7D377AAE200F3C611F8F2 /* Fixtures in Resources */ = {isa = PBXBuildFile; fileRef = BB09CCB3DD5A4B20A3553080 /* Fixtures */; };
		7ED1CE05D8C199C942D22051 /* SkeletonOverlayView.swift in Sources */ = {isa = PBXBuildFile; fileRef = A80745E520E5C70DE78840DA /* SkeletonOverlayView.swift */; };
		8124CC275659661624C356FD /* PostureFindings.swift in Sources */ = {isa = PBXBuildFile; fileRef = 6FFD138F9C20ED4CCDD68860 /* PostureFindings.swift */; };
		868099F18F8814906F1D269C /* IKSolverInternalsTests.mm in Sources */ = {isa = PBXBuildFile; fileRef = 9C8305C52C48DE409E73AB10 /* IKSolverInternalsTests.mm */; };
		8804D81FA38EF570856C727E /* Assets.xcassets in Resources */ = {isa = PBXBuildFile; fileRef = A021DA9E5DE28ED2E1F45BB4 /* Assets.xcassets */; };
		8A511E0DC6F90C2FD8E1DA83 /* AssetPackModelStore.swift in Sources */ = {isa = PBXBuildFile; fileRef = 4472D307677A7F2DBB60C275 /* AssetPackModelStore.swift */; };
		8C53B4FE0721E7BA93A0356B /* OfflinePlaybackView.swift in Sources */ = {isa = PBXBuildFile; fileRef = 371D7852068443A4209F4461 /* OfflinePlaybackView.swift */; };
		95BAAF1059E75E5002D4E766 /* IKConvergenceTests.swift in Sources */ = {isa = PBXBuildFile; fileRef = 037B01AB81518DD0C605F421 /* IKConvergenceTests.swift */; };
		98613DC9BB618D40355A1196 /* Resources in Resources */ = {isa = PBXBuildFile; fileRef = DD8D8EE2FB43D7D0467DA761 /* Resources */; };
		A1255E337CF95E0639A20E10 /* OfflineOrchestrationTests.swift in Sources */ = {isa = PBXBuildFile; fileRef = 421024FCAE182411034B98F7 /* OfflineOrchestrationTests.swift */; };
		A4E5CF602F7F6EA2A4112740 /* MuscleQPUnitsTests.swift in Sources */ = {isa = PBXBuildFile; fileRef = F450A13A5F81381FF86F4B39 /* MuscleQPUnitsTests.swift */; };
		ABE29919DAB357CEDBF7D9E5 /* MuscleOverlay.swift in Sources */ = {isa = PBXBuildFile; fileRef = CCE04065D9DEF183FAB2526A /* MuscleOverlay.swift */; };
		AEBD0D6F6A05031B4795C512 /* BodyTrackingSession.swift in Sources */ = {isa = PBXBuildFile; fileRef = 675A6A481192DE8527711A02 /* BodyTrackingSession.swift */; };
		B02E6F6E8214B6D20AF49FAF /* FrameSource.swift in Sources */ = {isa = PBXBuildFile; fileRef = 938B58C5B8D77095B3471883 /* FrameSource.swift */; };
		B1670D1FDAE907294D961E3F /* FullBody.osim in Resources */ = {isa = PBXBuildFile; fileRef = 4B9713307F6A75E4289F37D8 /* FullBody.osim */; };
		BBC1A480E4FC736ABFD96A8C /* AssetPackDownloader.appex in Embed ExtensionKit Extensions */ = {isa = PBXBuildFile; fileRef = 63E261BAC88A15FDC743D492 /* AssetPackDownloader.appex */; settings = {ATTRIBUTES = (RemoveHeadersOnCopy, ); }; };
		BFE358FA68B0E8249A400DBF /* MotionRecorderTests.swift in Sources */ = {isa = PBXBuildFile; fileRef = 85CB2DC650F7D9EA6AA72EF6 /* MotionRecorderTests.swift */; };
		C75C2BE5D8B1D4D7FC19605E /* BodyPlausibilityTests.swift in Sources */ = {isa = PBXBuildFile; fileRef = 4B51E2644E744BA3FADE38F5 /* BodyPlausibilityTests.swift */; };
		CC6C983411E3BECBF5DD0CF8 /* BodyJoint.swift in Sources */ = {isa = PBXBuildFile; fileRef = 3F2FCB0E08D59A9A2F873C83 /* BodyJoint.swift */; };
		D093D465CAC7E39DD39FDCE5 /* TRCExporter.swift in Sources */ = {isa = PBXBuildFile; fileRef = 5D7EE8254FA65A2ED3CA941A /* TRCExporter.swift */; };
		D0CA7F6666EE286577915C91 /* BodyFrameOrientationTests.swift in Sources */ = {isa = PBXBuildFile; fileRef = 2BBAA2777A8666721D1C180A /* BodyFrameOrientationTests.swift */; };
		D5042C5568E0CC26BBB00D03 /* ShoulderRotMaskTests.swift in Sources */ = {isa = PBXBuildFile; fileRef = 59A522A69AB99AB11F8EB683 /* ShoulderRotMaskTests.swift */; };
		D6ACBD79AA382B7E59CAF0A3 /* MomentArmComputer.mm in Sources */ = {isa = PBXBuildFile; fileRef = 7CC0C79CED5BDA3ECDCC98F2 /* MomentArmComputer.mm */; };
		DE75B8575F912B5A02976E0B /* MHRRetarget.swift in Sources */ = {isa = PBXBuildFile; fileRef = F2A4C75E6AA932E8711E81C0 /* MHRRetarget.swift */; };
		E125B69E6C815538A4DA62A7 /* GaitClipFixture.swift in Sources */ = {isa = PBXBuildFile; fileRef = 67BF7FEBED56390D642A6136 /* GaitClipFixture.swift */; };
		E1C04472A89C653399F92677 /* BioMotionApp.swift in Sources */ = {isa = PBXBuildFile; fileRef = 61281090913631B0CE9A7C73 /* BioMotionApp.swift */; };
		E57576912BED5701F5109480 /* StaticHoldTests.swift in Sources */ = {isa = PBXBuildFile; fileRef = A2B85FE37CE702C7D8D14A08 /* StaticHoldTests.swift */; };
		E8CAC2BA9966EE9ED2E33E86 /* PersonBoxTests.swift in Sources */ = {isa = PBXBuildFile; fileRef = 635955A3754AEA4532DD5F11 /* PersonBoxTests.swift */; };
		EA0D96BEE590A8EC44964245 /* SessionChartsView.swift in Sources */ = {isa = PBXBuildFile; fileRef = BB61194FADC588D790C9D483 /* SessionChartsView.swift */; };
		ED327C5D32C21DB76E6D959B /* DOFMaskTests.swift in Sources */ = {isa = PBXBuildFile; fileRef = C045D7AC2489DE3CE71516B6 /* DOFMaskTests.swift */; };
		EDA3373BCD3746A22F7CD272 /* NimbleEngine.swift in Sources */ = {isa = PBXBuildFile; fileRef = 6BCF8A0B85EADE0EACE2E91D /* NimbleEngine.swift */; };
		EFDB7E94C87B175ECC83B78E /* SavitzkyGolayFilter.swift in Sources */ = {isa = PBXBuildFile; fileRef = 069BD05C894EA1A3D4B71811 /* SavitzkyGolayFilter.swift */; };
		F5D3FF290D1F2FC2D53CD448 /* osqp_interrupt_stub.c in Sources */ = {isa = PBXBuildFile; fileRef = 61F7A23E87AFC3190713C1D6 /* osqp_interrupt_stub.c */; };
		F6208E01FDB4179EEF721B39 /* OfflineSessionRunner.swift in Sources */ = {isa = PBXBuildFile; fileRef = 1B380AE0D8895B17AF002FC4 /* OfflineSessionRunner.swift */; };
		F879356CA878DC33DEF470D4 /* TRCExporterTests.swift in Sources */ = {isa = PBXBuildFile; fileRef = 4AEC9BFD12C6D6FC08E98C76 /* TRCExporterTests.swift */; };
		FAFDAE32C4C82F3339D97B8C /* OfflineMuscleChainTests.swift in Sources */ = {isa = PBXBuildFile; fileRef = FF0F23C51614668A2D0002E4 /* OfflineMuscleChainTests.swift */; };
		FCF85FDD27BCE3D45741E313 /* RootTranslationTests.swift in Sources */ = {isa = PBXBuildFile; fileRef = EE2B9AAD0354C5643CD4E31D /* RootTranslationTests.swift */; };
		FD1FE9596B21A15A5811F83C /* OfflineResultStore.swift in Sources */ = {isa = PBXBuildFile; fileRef = A01F5A8E43E144EF7C64ED03 /* OfflineResultStore.swift */; };
		FD38E7F1B9C09FAC1FE3C10A /* Rajagopal2016.osim in Resources */ = {isa = PBXBuildFile; fileRef = 44D59B2D4FBCD3D020D9136A /* Rajagopal2016.osim */; };
/* End PBXBuildFile section */

/* Begin PBXContainerItemProxy section */
		34B83C475F346D191B08BC9D /* PBXContainerItemProxy */ = {
			isa = PBXContainerItemProxy;
			containerPortal = 7731D9CB2453DC13E6EB68FE /* Project object */;
			proxyType = 1;
			remoteGlobalIDString = C13EF626D0B416A66FE2CD86;
			remoteInfo = BioMotion;
		};
		54E0F7F817BE39289A84F808 /* PBXContainerItemProxy */ = {
			isa = PBXContainerItemProxy;
			containerPortal = 7731D9CB2453DC13E6EB68FE /* Project object */;
			proxyType = 1;
			remoteGlobalIDString = CBC2C3A9CA797ACD05021317;
			remoteInfo = AssetPackDownloader;
		};
/* End PBXContainerItemProxy section */

/* Begin PBXCopyFilesBuildPhase section */
		2D9EE8D6477B72E0E0B439CF /* Embed ExtensionKit Extensions */ = {
			isa = PBXCopyFilesBuildPhase;
			buildActionMask = 2147483647;
			dstPath = "$(EXTENSIONS_FOLDER_PATH)";
			dstSubfolderSpec = 16;
			files = (
				BBC1A480E4FC736ABFD96A8C /* AssetPackDownloader.appex in Embed ExtensionKit Extensions */,
			);
			name = "Embed ExtensionKit Extensions";
			runOnlyForDeploymentPostprocessing = 0;
		};
/* End PBXCopyFilesBuildPhase section */

/* Begin PBXFileReference section */
		037B01AB81518DD0C605F421 /* IKConvergenceTests.swift */ = {isa = PBXFileReference; lastKnownFileType = sourcecode.swift; path = IKConvergenceTests.swift; sourceTree = "<group>"; };
		069BD05C894EA1A3D4B71811 /* SavitzkyGolayFilter.swift */ = {isa = PBXFileReference; lastKnownFileType = sourcecode.swift; path = SavitzkyGolayFilter.swift; sourceTree = "<group>"; };
		08C1A764BB25EFC31CC9ED09 /* PostureFindingsTests.swift */ = {isa = PBXFileReference; lastKnownFileType = sourcecode.swift; path = PostureFindingsTests.swift; sourceTree = "<group>"; };
		137569E8BB6168170913C1FE /* ContentView.swift */ = {isa = PBXFileReference; lastKnownFileType = sourcecode.swift; path = ContentView.swift; sourceTree = "<group>"; };
		1B380AE0D8895B17AF002FC4 /* OfflineSessionRunner.swift */ = {isa = PBXFileReference; lastKnownFileType = sourcecode.swift; path = OfflineSessionRunner.swift; sourceTree = "<group>"; };
		1F460BBF2CEB2DE7A1735390 /* ShoulderRotObservabilityTests.mm */ = {isa = PBXFileReference; lastKnownFileType = sourcecode.cpp.objcpp; path = ShoulderRotObservabilityTests.mm; sourceTree = "<group>"; };
		2BBAA2777A8666721D1C180A /* BodyFrameOrientationTests.swift */ = {isa = PBXFileReference; lastKnownFileType = sourcecode.swift; path = BodyFrameOrientationTests.swift; sourceTree = "<group>"; };
		3369B0945E741E0FBCC7D4E1 /* CalibrationTests.swift */ = {isa = PBXFileReference; lastKnownFileType = sourcecode.swift; path = CalibrationTests.swift; sourceTree = "<group>"; };
		371D7852068443A4209F4461 /* OfflinePlaybackView.swift */ = {isa = PBXFileReference; lastKnownFileType = sourcecode.swift; path = OfflinePlaybackView.swift; sourceTree = "<group>"; };
		39C64A42A229077EC3CF47FD /* BodyJointTests.swift */ = {isa = PBXFileReference; lastKnownFileType = sourcecode.swift; path = BodyJointTests.swift; sourceTree = "<group>"; };
		3F2FCB0E08D59A9A2F873C83 /* BodyJoint.swift */ = {isa = PBXFileReference; lastKnownFileType = sourcecode.swift; path = BodyJoint.swift; sourceTree = "<group>"; };
		421024FCAE182411034B98F7 /* OfflineOrchestrationTests.swift */ = {isa = PBXFileReference; lastKnownFileType = sourcecode.swift; path = OfflineOrchestrationTests.swift; sourceTree = "<group>"; };
		4472D307677A7F2DBB60C275 /* AssetPackModelStore.swift */ = {isa = PBXFileReference; lastKnownFileType = sourcecode.swift; path = AssetPackModelStore.swift; sourceTree = "<group>"; };
		44D59B2D4FBCD3D020D9136A /* Rajagopal2016.osim */ = {isa = PBXFileReference; path = Rajagopal2016.osim; sourceTree = "<group>"; };
		4A5E8807D42FF44784FCF22F /* OneEuroFilter.swift */ = {isa = PBXFileReference; lastKnownFileType = sourcecode.swift; path = OneEuroFilter.swift; sourceTree = "<group>"; };
		4AEC9BFD12C6D6FC08E98C76 /* TRCExporterTests.swift */ = {isa = PBXFileReference; lastKnownFileType = sourcecode.swift; path = TRCExporterTests.swift; sourceTree = "<group>"; };
		4B51E2644E744BA3FADE38F5 /* BodyPlausibilityTests.swift */ = {isa = PBXFileReference; lastKnownFileType = sourcecode.swift; path = BodyPlausibilityTests.swift; sourceTree = "<group>"; };
		4B9713307F6A75E4289F37D8 /* FullBody.osim */ = {isa = PBXFileReference; path = FullBody.osim; sourceTree = "<group>"; };
		52B4879A902F36227CC79DBA /* GaitClipFixtureTests.swift */ = {isa = PBXFileReference; lastKnownFileType = sourcecode.swift; path = GaitClipFixtureTests.swift; sourceTree = "<group>"; };
		548ECA121A57E096D1964D0B /* README.md */ = {isa = PBXFileReference; lastKnownFileType = net.daringfireball.markdown; path = README.md; sourceTree = "<group>"; };
		59A522A69AB99AB11F8EB683 /* ShoulderRotMaskTests.swift */ = {isa = PBXFileReference; lastKnownFileType = sourcecode.swift; path = ShoulderRotMaskTests.swift; sourceTree = "<group>"; };
		5D7EE8254FA65A2ED3CA941A /* TRCExporter.swift */ = {isa = PBXFileReference; lastKnownFileType = sourcecode.swift; path = TRCExporter.swift; sourceTree = "<group>"; };
		607642EB6C7BD1743AB7D031 /* BioMotion-Bridging-Header.h */ = {isa = PBXFileReference; lastKnownFileType = sourcecode.c.h; path = "BioMotion-Bridging-Header.h"; sourceTree = "<group>"; };
		61281090913631B0CE9A7C73 /* BioMotionApp.swift */ = {isa = PBXFileReference; lastKnownFileType = sourcecode.swift; path = BioMotionApp.swift; sourceTree = "<group>"; };
		61F7A23E87AFC3190713C1D6 /* osqp_interrupt_stub.c */ = {isa = PBXFileReference; lastKnownFileType = sourcecode.c.c; path = osqp_interrupt_stub.c; sourceTree = "<group>"; };
		622F2E1A346D02B435A0299C /* CalibrationView.swift */ = {isa = PBXFileReference; lastKnownFileType = sourcecode.swift; path = CalibrationView.swift; sourceTree = "<group>"; };
		635955A3754AEA4532DD5F11 /* PersonBoxTests.swift */ = {isa = PBXFileReference; lastKnownFileType = sourcecode.swift; path = PersonBoxTests.swift; sourceTree = "<group>"; };
		63E261BAC88A15FDC743D492 /* AssetPackDownloader.appex */ = {isa = PBXFileReference; explicitFileType = "wrapper.extensionkit-extension"; includeInIndex = 0; path = AssetPackDownloader.appex; sourceTree = BUILT_PRODUCTS_DIR; };
		640BA97ED28345730C5FFFB8 /* BioMotionTests.xctest */ = {isa = PBXFileReference; includeInIndex = 0; lastKnownFileType = wrapper.cfbundle; path = BioMotionTests.xctest; sourceTree = BUILT_PRODUCTS_DIR; };
		675A6A481192DE8527711A02 /* BodyTrackingSession.swift */ = {isa = PBXFileReference; lastKnownFileType = sourcecode.swift; path = BodyTrackingSession.swift; sourceTree = "<group>"; };
		67BF7FEBED56390D642A6136 /* GaitClipFixture.swift */ = {isa = PBXFileReference; lastKnownFileType = sourcecode.swift; path = GaitClipFixture.swift; sourceTree = "<group>"; };
		6BCF8A0B85EADE0EACE2E91D /* NimbleEngine.swift */ = {isa = PBXFileReference; lastKnownFileType = sourcecode.swift; path = NimbleEngine.swift; sourceTree = "<group>"; };
		6FFD138F9C20ED4CCDD68860 /* PostureFindings.swift */ = {isa = PBXFileReference; lastKnownFileType = sourcecode.swift; path = PostureFindings.swift; sourceTree = "<group>"; };
		76B44E86911B6D34B6D8EEBA /* PhotoOverlayView.swift */ = {isa = PBXFileReference; lastKnownFileType = sourcecode.swift; path = PhotoOverlayView.swift; sourceTree = "<group>"; };
		775F4957CF5DB42E50C8792A /* PostureFindingsPanel.swift */ = {isa = PBXFileReference; lastKnownFileType = sourcecode.swift; path = PostureFindingsPanel.swift; sourceTree = "<group>"; };
		7CC0C79CED5BDA3ECDCC98F2 /* MomentArmComputer.mm */ = {isa = PBXFileReference; lastKnownFileType = sourcecode.cpp.objcpp; path = MomentArmComputer.mm; sourceTree = "<group>"; };
		809295CEBE3A3EE0C68051A9 /* OfflineImportView.swift */ = {isa = PBXFileReference; lastKnownFileType = sourcecode.swift; path = OfflineImportView.swift; sourceTree = "<group>"; };
		85CB2DC650F7D9EA6AA72EF6 /* MotionRecorderTests.swift */ = {isa = PBXFileReference; lastKnownFileType = sourcecode.swift; path = MotionRecorderTests.swift; sourceTree = "<group>"; };
		8CA8EDF03A71660632ECC367 /* PostureFindingsRealPoseTests.swift */ = {isa = PBXFileReference; lastKnownFileType = sourcecode.swift; path = PostureFindingsRealPoseTests.swift; sourceTree = "<group>"; };
		91F66CB7BEA67689B99D4833 /* MuscleSolverTests.swift */ = {isa = PBXFileReference; lastKnownFileType = sourcecode.swift; path = MuscleSolverTests.swift; sourceTree = "<group>"; };
		938B58C5B8D77095B3471883 /* FrameSource.swift */ = {isa = PBXFileReference; lastKnownFileType = sourcecode.swift; path = FrameSource.swift; sourceTree = "<group>"; };
		9892753635961827833D0E4C /* MuscleSolver.h */ = {isa = PBXFileReference; lastKnownFileType = sourcecode.c.h; path = MuscleSolver.h; sourceTree = "<group>"; };
		9C8305C52C48DE409E73AB10 /* IKSolverInternalsTests.mm */ = {isa = PBXFileReference; lastKnownFileType = sourcecode.cpp.objcpp; path = IKSolverInternalsTests.mm; sourceTree = "<group>"; };
		9E68C0715E9D9E407234A2F8 /* FullBodyDOFFixture.swift */ = {isa = PBXFileReference; lastKnownFileType = sourcecode.swift; path = FullBodyDOFFixture.swift; sourceTree = "<group>"; };
		A01F5A8E43E144EF7C64ED03 /* OfflineResultStore.swift */ = {isa = PBXFileReference; lastKnownFileType = sourcecode.swift; path = OfflineResultStore.swift; sourceTree = "<group>"; };
		A021DA9E5DE28ED2E1F45BB4 /* Assets.xcassets */ = {isa = PBXFileReference; lastKnownFileType = folder.assetcatalog; path = Assets.xcassets; sourceTree = "<group>"; };
		A2B85FE37CE702C7D8D14A08 /* StaticHoldTests.swift */ = {isa = PBXFileReference; lastKnownFileType = sourcecode.swift; path = StaticHoldTests.swift; sourceTree = "<group>"; };
		A80745E520E5C70DE78840DA /* SkeletonOverlayView.swift */ = {isa = PBXFileReference; lastKnownFileType = sourcecode.swift; path = SkeletonOverlayView.swift; sourceTree = "<group>"; };
		A8E2DEF6905CA595DA267C6A /* E1MarkerSetComparisonTests.mm */ = {isa = PBXFileReference; lastKnownFileType = sourcecode.cpp.objcpp; path = E1MarkerSetComparisonTests.mm; sourceTree = "<group>"; };
		ACD092133DD2189F1200C6F3 /* BioMotion.app */ = {isa = PBXFileReference; includeInIndex = 0; lastKnownFileType = wrapper.application; path = BioMotion.app; sourceTree = BUILT_PRODUCTS_DIR; };
		AF341D3E417E0E3014A867EA /* NimbleBridgeTests.swift */ = {isa = PBXFileReference; lastKnownFileType = sourcecode.swift; path = NimbleBridgeTests.swift; sourceTree = "<group>"; };
		AFAE9EC6FC90AA7AC829F48E /* IKDriftDiagnosticsTests.swift */ = {isa = PBXFileReference; lastKnownFileType = sourcecode.swift; path = IKDriftDiagnosticsTests.swift; sourceTree = "<group>"; };
		BB09CCB3DD5A4B20A3553080 /* Fixtures */ = {isa = PBXFileReference; lastKnownFileType = folder; name = Fixtures; path = BioMotionTests/Fixtures; sourceTree = SOURCE_ROOT; };
		BB61194FADC588D790C9D483 /* SessionChartsView.swift */ = {isa = PBXFileReference; lastKnownFileType = sourcecode.swift; path = SessionChartsView.swift; sourceTree = "<group>"; };
		BBA3DB595817CE4AC35EB1E9 /* MomentArmTests.swift */ = {isa = PBXFileReference; lastKnownFileType = sourcecode.swift; path = MomentArmTests.swift; sourceTree = "<group>"; };
		C045D7AC2489DE3CE71516B6 /* DOFMaskTests.swift */ = {isa = PBXFileReference; lastKnownFileType = sourcecode.swift; path = DOFMaskTests.swift; sourceTree = "<group>"; };
		C18C6B5EE39B4A7DCDF41DE4 /* StaticEquilibriumBenchmarkTests.swift */ = {isa = PBXFileReference; lastKnownFileType = sourcecode.swift; path = StaticEquilibriumBenchmarkTests.swift; sourceTree = "<group>"; };
		C37A4A07CA2D87A4DFFF4348 /* MotionRecorder.swift */ = {isa = PBXFileReference; lastKnownFileType = sourcecode.swift; path = MotionRecorder.swift; sourceTree = "<group>"; };
		C7AB824FE7872485E9CEBFC3 /* SAM3DPoseEstimator.swift */ = {isa = PBXFileReference; lastKnownFileType = sourcecode.swift; path = SAM3DPoseEstimator.swift; sourceTree = "<group>"; };
		CCE04065D9DEF183FAB2526A /* MuscleOverlay.swift */ = {isa = PBXFileReference; lastKnownFileType = sourcecode.swift; path = MuscleOverlay.swift; sourceTree = "<group>"; };
		CF5D35BA98B286FEF7D0F3A2 /* NimbleBridge.mm */ = {isa = PBXFileReference; lastKnownFileType = sourcecode.cpp.objcpp; path = NimbleBridge.mm; sourceTree = "<group>"; };
		D2EA3676A9420BE2BD36ACB2 /* MomentArmComputer.h */ = {isa = PBXFileReference; lastKnownFileType = sourcecode.c.h; path = MomentArmComputer.h; sourceTree = "<group>"; };
		D8B9BD44107DF71632646C0E /* MuscleSolver.mm */ = {isa = PBXFileReference; lastKnownFileType = sourcecode.cpp.objcpp; path = MuscleSolver.mm; sourceTree = "<group>"; };
		DB99C395726EDA0E87378FE8 /* NimbleBridge.h */ = {isa = PBXFileReference; lastKnownFileType = sourcecode.c.h; path = NimbleBridge.h; sourceTree = "<group>"; };
		DD8D8EE2FB43D7D0467DA761 /* Resources */ = {isa = PBXFileReference; lastKnownFileType = folder; name = Resources; path = BioMotion/Resources; sourceTree = SOURCE_ROOT; };
		DE061204EBCA562182A0C976 /* NimbleBridge+Internal.h */ = {isa = PBXFileReference; lastKnownFileType = sourcecode.c.h; path = "NimbleBridge+Internal.h"; sourceTree = "<group>"; };
		EB4E89539823D96EB49C208D /* Info.plist */ = {isa = PBXFileReference; lastKnownFileType = text.plist; path = Info.plist; sourceTree = "<group>"; };
		EE2B9AAD0354C5643CD4E31D /* RootTranslationTests.swift */ = {isa = PBXFileReference; lastKnownFileType = sourcecode.swift; path = RootTranslationTests.swift; sourceTree = "<group>"; };
		F2A4C75E6AA932E8711E81C0 /* MHRRetarget.swift */ = {isa = PBXFileReference; lastKnownFileType = sourcecode.swift; path = MHRRetarget.swift; sourceTree = "<group>"; };
		F450A13A5F81381FF86F4B39 /* MuscleQPUnitsTests.swift */ = {isa = PBXFileReference; lastKnownFileType = sourcecode.swift; path = MuscleQPUnitsTests.swift; sourceTree = "<group>"; };
		FD7D9E43807A790AC61DE000 /* AssetPackDownloader.swift */ = {isa = PBXFileReference; lastKnownFileType = sourcecode.swift; path = AssetPackDownloader.swift; sourceTree = "<group>"; };
		FF0F23C51614668A2D0002E4 /* OfflineMuscleChainTests.swift */ = {isa = PBXFileReference; lastKnownFileType = sourcecode.swift; path = OfflineMuscleChainTests.swift; sourceTree = "<group>"; };
/* End PBXFileReference section */

/* Begin PBXGroup section */
		08F57E3256D709AB42C7883E /* Nimble */ = {
			isa = PBXGroup;
			children = (
				607642EB6C7BD1743AB7D031 /* BioMotion-Bridging-Header.h */,
				DB99C395726EDA0E87378FE8 /* NimbleBridge.h */,
				CF5D35BA98B286FEF7D0F3A2 /* NimbleBridge.mm */,
				DE061204EBCA562182A0C976 /* NimbleBridge+Internal.h */,
				6BCF8A0B85EADE0EACE2E91D /* NimbleEngine.swift */,
				069BD05C894EA1A3D4B71811 /* SavitzkyGolayFilter.swift */,
			);
			path = Nimble;
			sourceTree = "<group>";
		};
		1E9AE25735CD2EDA1455FE54 /* BioMotion */ = {
			isa = PBXGroup;
			children = (
				A021DA9E5DE28ED2E1F45BB4 /* Assets.xcassets */,
				EB4E89539823D96EB49C208D /* Info.plist */,
				A1AACA7B2B363A5A08E03FCF /* App */,
				C42EF0132E9E0D0BCD84DB05 /* ARKit */,
				9E89BC3FFE5AB24B1E16ED02 /* AssetPack */,
				74800DB543635744939D9BFC /* Findings */,
				9D6907E30A58EBD88C0B7B58 /* Models */,
				6CAAE69A098449003A76485E /* Muscle */,
				08F57E3256D709AB42C7883E /* Nimble */,
				87F801CD2725DFE56017492C /* Offline */,
				FB82DF9480DFE46692CE459F /* Recording */,
				855C11D1FAD67039BFAEBF2B /* Resources */,
			);
			path = BioMotion;
			sourceTree = "<group>";
		};
		2F98D548592CA55E3235266C /* BioMotionTests */ = {
			isa = PBXGroup;
			children = (
				2BBAA2777A8666721D1C180A /* BodyFrameOrientationTests.swift */,
				39C64A42A229077EC3CF47FD /* BodyJointTests.swift */,
				4B51E2644E744BA3FADE38F5 /* BodyPlausibilityTests.swift */,
				3369B0945E741E0FBCC7D4E1 /* CalibrationTests.swift */,
				C045D7AC2489DE3CE71516B6 /* DOFMaskTests.swift */,
				A8E2DEF6905CA595DA267C6A /* E1MarkerSetComparisonTests.mm */,
				9E68C0715E9D9E407234A2F8 /* FullBodyDOFFixture.swift */,
				67BF7FEBED56390D642A6136 /* GaitClipFixture.swift */,
				52B4879A902F36227CC79DBA /* GaitClipFixtureTests.swift */,
				037B01AB81518DD0C605F421 /* IKConvergenceTests.swift */,
				AFAE9EC6FC90AA7AC829F48E /* IKDriftDiagnosticsTests.swift */,
				9C8305C52C48DE409E73AB10 /* IKSolverInternalsTests.mm */,
				BBA3DB595817CE4AC35EB1E9 /* MomentArmTests.swift */,
				85CB2DC650F7D9EA6AA72EF6 /* MotionRecorderTests.swift */,
				F450A13A5F81381FF86F4B39 /* MuscleQPUnitsTests.swift */,
				91F66CB7BEA67689B99D4833 /* MuscleSolverTests.swift */,
				AF341D3E417E0E3014A867EA /* NimbleBridgeTests.swift */,
				FF0F23C51614668A2D0002E4 /* OfflineMuscleChainTests.swift */,
				421024FCAE182411034B98F7 /* OfflineOrchestrationTests.swift */,
				635955A3754AEA4532DD5F11 /* PersonBoxTests.swift */,
				8CA8EDF03A71660632ECC367 /* PostureFindingsRealPoseTests.swift */,
				08C1A764BB25EFC31CC9ED09 /* PostureFindingsTests.swift */,
				EE2B9AAD0354C5643CD4E31D /* RootTranslationTests.swift */,
				59A522A69AB99AB11F8EB683 /* ShoulderRotMaskTests.swift */,
				1F460BBF2CEB2DE7A1735390 /* ShoulderRotObservabilityTests.mm */,
				C18C6B5EE39B4A7DCDF41DE4 /* StaticEquilibriumBenchmarkTests.swift */,
				A2B85FE37CE702C7D8D14A08 /* StaticHoldTests.swift */,
				4AEC9BFD12C6D6FC08E98C76 /* TRCExporterTests.swift */,
			);
			path = BioMotionTests;
			sourceTree = "<group>";
		};
		6CAAE69A098449003A76485E /* Muscle */ = {
			isa = PBXGroup;
			children = (
				D2EA3676A9420BE2BD36ACB2 /* MomentArmComputer.h */,
				7CC0C79CED5BDA3ECDCC98F2 /* MomentArmComputer.mm */,
				9892753635961827833D0E4C /* MuscleSolver.h */,
				D8B9BD44107DF71632646C0E /* MuscleSolver.mm */,
				61F7A23E87AFC3190713C1D6 /* osqp_interrupt_stub.c */,
			);
			path = Muscle;
			sourceTree = "<group>";
		};
		74800DB543635744939D9BFC /* Findings */ = {
			isa = PBXGroup;
			children = (
				6FFD138F9C20ED4CCDD68860 /* PostureFindings.swift */,
				775F4957CF5DB42E50C8792A /* PostureFindingsPanel.swift */,
			);
			path = Findings;
			sourceTree = "<group>";
		};
		855C11D1FAD67039BFAEBF2B /* Resources */ = {
			isa = PBXGroup;
			children = (
				4B9713307F6A75E4289F37D8 /* FullBody.osim */,
				44D59B2D4FBCD3D020D9136A /* Rajagopal2016.osim */,
			);
			path = Resources;
			sourceTree = "<group>";
		};
		87F801CD2725DFE56017492C /* Offline */ = {
			isa = PBXGroup;
			children = (
				938B58C5B8D77095B3471883 /* FrameSource.swift */,
				F2A4C75E6AA932E8711E81C0 /* MHRRetarget.swift */,
				809295CEBE3A3EE0C68051A9 /* OfflineImportView.swift */,
				371D7852068443A4209F4461 /* OfflinePlaybackView.swift */,
				A01F5A8E43E144EF7C64ED03 /* OfflineResultStore.swift */,
				1B380AE0D8895B17AF002FC4 /* OfflineSessionRunner.swift */,
				76B44E86911B6D34B6D8EEBA /* PhotoOverlayView.swift */,
				548ECA121A57E096D1964D0B /* README.md */,
				C7AB824FE7872485E9CEBFC3 /* SAM3DPoseEstimator.swift */,
			);
			path = Offline;
			sourceTree = "<group>";
		};
		9A116F77C6030A2282D901CC = {
			isa = PBXGroup;
			children = (
				BB09CCB3DD5A4B20A3553080 /* Fixtures */,
				DD8D8EE2FB43D7D0467DA761 /* Resources */,
				1E9AE25735CD2EDA1455FE54 /* BioMotion */,
				2F98D548592CA55E3235266C /* BioMotionTests */,
				C6C56A4977C0D290C86679DE /* Downloader */,
				A5BA15E011D2144C8A6C2302 /* Products */,
			);
			sourceTree = "<group>";
		};
		9D6907E30A58EBD88C0B7B58 /* Models */ = {
			isa = PBXGroup;
			children = (
				3F2FCB0E08D59A9A2F873C83 /* BodyJoint.swift */,
			);
			path = Models;
			sourceTree = "<group>";
		};
		9E89BC3FFE5AB24B1E16ED02 /* AssetPack */ = {
			isa = PBXGroup;
			children = (
				4472D307677A7F2DBB60C275 /* AssetPackModelStore.swift */,
			);
			path = AssetPack;
			sourceTree = "<group>";
		};
		A1AACA7B2B363A5A08E03FCF /* App */ = {
			isa = PBXGroup;
			children = (
				61281090913631B0CE9A7C73 /* BioMotionApp.swift */,
				622F2E1A346D02B435A0299C /* CalibrationView.swift */,
				137569E8BB6168170913C1FE /* ContentView.swift */,
				BB61194FADC588D790C9D483 /* SessionChartsView.swift */,
			);
			path = App;
			sourceTree = "<group>";
		};
		A5BA15E011D2144C8A6C2302 /* Products */ = {
			isa = PBXGroup;
			children = (
				63E261BAC88A15FDC743D492 /* AssetPackDownloader.appex */,
				ACD092133DD2189F1200C6F3 /* BioMotion.app */,
				640BA97ED28345730C5FFFB8 /* BioMotionTests.xctest */,
			);
			name = Products;
			sourceTree = "<group>";
		};
		C42EF0132E9E0D0BCD84DB05 /* ARKit */ = {
			isa = PBXGroup;
			children = (
				675A6A481192DE8527711A02 /* BodyTrackingSession.swift */,
				CCE04065D9DEF183FAB2526A /* MuscleOverlay.swift */,
				4A5E8807D42FF44784FCF22F /* OneEuroFilter.swift */,
				A80745E520E5C70DE78840DA /* SkeletonOverlayView.swift */,
			);
			path = ARKit;
			sourceTree = "<group>";
		};
		C6C56A4977C0D290C86679DE /* Downloader */ = {
			isa = PBXGroup;
			children = (
				FD7D9E43807A790AC61DE000 /* AssetPackDownloader.swift */,
			);
			name = Downloader;
			path = BioMotion/AssetPack/Downloader;
			sourceTree = "<group>";
		};
		FB82DF9480DFE46692CE459F /* Recording */ = {
			isa = PBXGroup;
			children = (
				C37A4A07CA2D87A4DFFF4348 /* MotionRecorder.swift */,
				5D7EE8254FA65A2ED3CA941A /* TRCExporter.swift */,
			);
			path = Recording;
			sourceTree = "<group>";
		};
/* End PBXGroup section */

/* Begin PBXNativeTarget section */
		C13EF626D0B416A66FE2CD86 /* BioMotion */ = {
			isa = PBXNativeTarget;
			buildConfigurationList = BBD8AA9B86F67B4ED7141590 /* Build configuration list for PBXNativeTarget "BioMotion" */;
			buildPhases = (
				12E607D4EEB2C17ABFF1B5D0 /* Sources */,
				04DC4A8D81F83AC40B0C472B /* Resources */,
				2D9EE8D6477B72E0E0B439CF /* Embed ExtensionKit Extensions */,
			);
			buildRules = (
			);
			dependencies = (
				65CCF9D8781E38872234024B /* PBXTargetDependency */,
			);
			name = BioMotion;
			packageProductDependencies = (
			);
			productName = BioMotion;
			productReference = ACD092133DD2189F1200C6F3 /* BioMotion.app */;
			productType = "com.apple.product-type.application";
		};
		C65827807C70F5F88891D453 /* BioMotionTests */ = {
			isa = PBXNativeTarget;
			buildConfigurationList = FE5893BA0E5923FD105D3818 /* Build configuration list for PBXNativeTarget "BioMotionTests" */;
			buildPhases = (
				461F04491993860C4CAE715D /* Sources */,
				99B0B27C110CF37E068EC14D /* Resources */,
			);
			buildRules = (
			);
			dependencies = (
				5DFEAC0C2B3DF27891564A6D /* PBXTargetDependency */,
			);
			name = BioMotionTests;
			packageProductDependencies = (
			);
			productName = BioMotionTests;
			productReference = 640BA97ED28345730C5FFFB8 /* BioMotionTests.xctest */;
			productType = "com.apple.product-type.bundle.unit-test";
		};
		CBC2C3A9CA797ACD05021317 /* AssetPackDownloader */ = {
			isa = PBXNativeTarget;
			buildConfigurationList = 48BE9F4C8F9B377B71B58278 /* Build configuration list for PBXNativeTarget "AssetPackDownloader" */;
			buildPhases = (
				1D456BE3F018A12685003656 /* Sources */,
			);
			buildRules = (
			);
			dependencies = (
			);
			name = AssetPackDownloader;
			packageProductDependencies = (
			);
			productName = AssetPackDownloader;
			productReference = 63E261BAC88A15FDC743D492 /* AssetPackDownloader.appex */;
			productType = "com.apple.product-type.extensionkit-extension";
		};
/* End PBXNativeTarget section */

/* Begin PBXProject section */
		7731D9CB2453DC13E6EB68FE /* Project object */ = {
			isa = PBXProject;
			attributes = {
				BuildIndependentTargetsInParallel = YES;
				LastUpgradeCheck = 1600;
				TargetAttributes = {
					C13EF626D0B416A66FE2CD86 = {
						DevelopmentTeam = N7VVB6PWZS;
						ProvisioningStyle = Automatic;
					};
					CBC2C3A9CA797ACD05021317 = {
						DevelopmentTeam = N7VVB6PWZS;
						ProvisioningStyle = Automatic;
					};
				};
			};
			buildConfigurationList = D1BF11889E36EEB517C90285 /* Build configuration list for PBXProject "BioMotion" */;
			developmentRegion = en;
			hasScannedForEncodings = 0;
			knownRegions = (
				Base,
				en,
			);
			mainGroup = 9A116F77C6030A2282D901CC;
			minimizedProjectReferenceProxies = 1;
			preferredProjectObjectVersion = 77;
			productRefGroup = A5BA15E011D2144C8A6C2302 /* Products */;
			projectDirPath = "";
			projectRoot = "";
			targets = (
				CBC2C3A9CA797ACD05021317 /* AssetPackDownloader */,
				C13EF626D0B416A66FE2CD86 /* BioMotion */,
				C65827807C70F5F88891D453 /* BioMotionTests */,
			);
		};
/* End PBXProject section */

/* Begin PBXResourcesBuildPhase section */
		04DC4A8D81F83AC40B0C472B /* Resources */ = {
			isa = PBXResourcesBuildPhase;
			buildActionMask = 2147483647;
			files = (
				8804D81FA38EF570856C727E /* Assets.xcassets in Resources */,
				B1670D1FDAE907294D961E3F /* FullBody.osim in Resources */,
				4E7BB08733F58643DA1F0946 /* README.md in Resources */,
				FD38E7F1B9C09FAC1FE3C10A /* Rajagopal2016.osim in Resources */,
			);
			runOnlyForDeploymentPostprocessing = 0;
		};
		99B0B27C110CF37E068EC14D /* Resources */ = {
			isa = PBXResourcesBuildPhase;
			buildActionMask = 2147483647;
			files = (
				7CC7D377AAE200F3C611F8F2 /* Fixtures in Resources */,
				98613DC9BB618D40355A1196 /* Resources in Resources */,
			);
			runOnlyForDeploymentPostprocessing = 0;
		};
/* End PBXResourcesBuildPhase section */

/* Begin PBXSourcesBuildPhase section */
		12E607D4EEB2C17ABFF1B5D0 /* Sources */ = {
			isa = PBXSourcesBuildPhase;
			buildActionMask = 2147483647;
			files = (
				8A511E0DC6F90C2FD8E1DA83 /* AssetPackModelStore.swift in Sources */,
				E1C04472A89C653399F92677 /* BioMotionApp.swift in Sources */,
				CC6C983411E3BECBF5DD0CF8 /* BodyJoint.swift in Sources */,
				AEBD0D6F6A05031B4795C512 /* BodyTrackingSession.swift in Sources */,
				030DB864178EF4BB7B0439BA /* CalibrationView.swift in Sources */,
				230B1F67B40CFD95799F8811 /* ContentView.swift in Sources */,
				B02E6F6E8214B6D20AF49FAF /* FrameSource.swift in Sources */,
				DE75B8575F912B5A02976E0B /* MHRRetarget.swift in Sources */,
				D6ACBD79AA382B7E59CAF0A3 /* MomentArmComputer.mm in Sources */,
				235F9CF6080D2CE0E058DA15 /* MotionRecorder.swift in Sources */,
				ABE29919DAB357CEDBF7D9E5 /* MuscleOverlay.swift in Sources */,
				19E2D7453EE33B78EB0260AA /* MuscleSolver.mm in Sources */,
				2054C2A9E28C0BC0833FCFC9 /* NimbleBridge.mm in Sources */,
				EDA3373BCD3746A22F7CD272 /* NimbleEngine.swift in Sources */,
				440AB016E47D178EFB6CA14F /* OfflineImportView.swift in Sources */,
				8C53B4FE0721E7BA93A0356B /* OfflinePlaybackView.swift in Sources */,
				FD1FE9596B21A15A5811F83C /* OfflineResultStore.swift in Sources */,
				F6208E01FDB4179EEF721B39 /* OfflineSessionRunner.swift in Sources */,
				39A5BD9ECC7553A6C9F6E556 /* OneEuroFilter.swift in Sources */,
				2C7506D9DF3193772049F56A /* PhotoOverlayView.swift in Sources */,
				8124CC275659661624C356FD /* PostureFindings.swift in Sources */,
				29B078F80BE0BD2B6932F62F /* PostureFindingsPanel.swift in Sources */,
				29D930260612AA4E66B15B3B /* SAM3DPoseEstimator.swift in Sources */,
				EFDB7E94C87B175ECC83B78E /* SavitzkyGolayFilter.swift in Sources */,
				EA0D96BEE590A8EC44964245 /* SessionChartsView.swift in Sources */,
				7ED1CE05D8C199C942D22051 /* SkeletonOverlayView.swift in Sources */,
				D093D465CAC7E39DD39FDCE5 /* TRCExporter.swift in Sources */,
				F5D3FF290D1F2FC2D53CD448 /* osqp_interrupt_stub.c in Sources */,
			);
			runOnlyForDeploymentPostprocessing = 0;
		};
		1D456BE3F018A12685003656 /* Sources */ = {
			isa = PBXSourcesBuildPhase;
			buildActionMask = 2147483647;
			files = (
				1FD6CC744D84148325707D8E /* AssetPackDownloader.swift in Sources */,
			);
			runOnlyForDeploymentPostprocessing = 0;
		};
		461F04491993860C4CAE715D /* Sources */ = {
			isa = PBXSourcesBuildPhase;
			buildActionMask = 2147483647;
			files = (
				D0CA7F6666EE286577915C91 /* BodyFrameOrientationTests.swift in Sources */,
				32F526B0CAC7BDF4677DC5BF /* BodyJointTests.swift in Sources */,
				C75C2BE5D8B1D4D7FC19605E /* BodyPlausibilityTests.swift in Sources */,
				5EAF2F8A2F45C0B4C65E83C0 /* CalibrationTests.swift in Sources */,
				ED327C5D32C21DB76E6D959B /* DOFMaskTests.swift in Sources */,
				68ADD79B07C15C342DFB2CB5 /* E1MarkerSetComparisonTests.mm in Sources */,
				58D9B346925617BEEE77A5D3 /* FullBodyDOFFixture.swift in Sources */,
				E125B69E6C815538A4DA62A7 /* GaitClipFixture.swift in Sources */,
				732EF1424B7BE159A1A2A35B /* GaitClipFixtureTests.swift in Sources */,
				95BAAF1059E75E5002D4E766 /* IKConvergenceTests.swift in Sources */,
				04F1EE7570C3EC744DB0552D /* IKDriftDiagnosticsTests.swift in Sources */,
				868099F18F8814906F1D269C /* IKSolverInternalsTests.mm in Sources */,
				5EB4E09CAD2BF5644147136D /* MomentArmTests.swift in Sources */,
				BFE358FA68B0E8249A400DBF /* MotionRecorderTests.swift in Sources */,
				A4E5CF602F7F6EA2A4112740 /* MuscleQPUnitsTests.swift in Sources */,
				20F59FB07F06FD0CAC0E3C90 /* MuscleSolverTests.swift in Sources */,
				59DA26453868CF7B43C39B26 /* NimbleBridgeTests.swift in Sources */,
				FAFDAE32C4C82F3339D97B8C /* OfflineMuscleChainTests.swift in Sources */,
				A1255E337CF95E0639A20E10 /* OfflineOrchestrationTests.swift in Sources */,
				E8CAC2BA9966EE9ED2E33E86 /* PersonBoxTests.swift in Sources */,
				1D0C2C290242C2C96F04CF93 /* PostureFindingsRealPoseTests.swift in Sources */,
				68975B28DCF3CD55E9EB1746 /* PostureFindingsTests.swift in Sources */,
				FCF85FDD27BCE3D45741E313 /* RootTranslationTests.swift in Sources */,
				D5042C5568E0CC26BBB00D03 /* ShoulderRotMaskTests.swift in Sources */,
				39898570C7128B9A2770FC21 /* ShoulderRotObservabilityTests.mm in Sources */,
				1D59AE434199F406B1B6F502 /* StaticEquilibriumBenchmarkTests.swift in Sources */,
				E57576912BED5701F5109480 /* StaticHoldTests.swift in Sources */,
				F879356CA878DC33DEF470D4 /* TRCExporterTests.swift in Sources */,
			);
			runOnlyForDeploymentPostprocessing = 0;
		};
/* End PBXSourcesBuildPhase section */

/* Begin PBXTargetDependency section */
		5DFEAC0C2B3DF27891564A6D /* PBXTargetDependency */ = {
			isa = PBXTargetDependency;
			target = C13EF626D0B416A66FE2CD86 /* BioMotion */;
			targetProxy = 34B83C475F346D191B08BC9D /* PBXContainerItemProxy */;
		};
		65CCF9D8781E38872234024B /* PBXTargetDependency */ = {
			isa = PBXTargetDependency;
			target = CBC2C3A9CA797ACD05021317 /* AssetPackDownloader */;
			targetProxy = 54E0F7F817BE39289A84F808 /* PBXContainerItemProxy */;
		};
/* End PBXTargetDependency section */

/* Begin XCBuildConfiguration section */
		22B447A348DB5C46EF0C8EAB /* Debug */ = {
			isa = XCBuildConfiguration;
			buildSettings = {
				BUNDLE_LOADER = "$(TEST_HOST)";
				CLANG_CXX_LANGUAGE_STANDARD = "c++17";
				GCC_PREPROCESSOR_DEFINITIONS = (
					"$(inherited)",
					"DART_IOS_BUILD=1",
					"DART_USE_IDENTITY_JACOBIAN=1",
				);
				GENERATE_INFOPLIST_FILE = YES;
				HEADER_SEARCH_PATHS = (
					"$(PROJECT_DIR)/BioMotion/Nimble",
					"$(PROJECT_DIR)/nimblephysics",
					"$(PROJECT_DIR)/nimblephysics/third_party/eigen",
					"$(PROJECT_DIR)/nimblephysics/third_party/tinyxml2",
					/opt/homebrew/Cellar/boost/1.90.0_1/include,
				);
				LD_RUNPATH_SEARCH_PATHS = (
					"$(inherited)",
					"@executable_path/Frameworks",
					"@loader_path/Frameworks",
				);
				"LIBRARY_SEARCH_PATHS[sdk=iphoneos*]" = (
					"$(PROJECT_DIR)/nimblephysics/build_ios",
				);
				"LIBRARY_SEARCH_PATHS[sdk=iphonesimulator*]" = (
					"$(PROJECT_DIR)/nimblephysics/build_sim",
				);
				OTHER_LDFLAGS = (
					"-lnimble_ios",
					"-lc++",
				);
				PRODUCT_BUNDLE_IDENTIFIER = com.soleil.BioMotionTests;
				SDKROOT = iphoneos;
				SWIFT_VERSION = 5.9;
				TARGETED_DEVICE_FAMILY = "1,2";
				TEST_HOST = "$(BUILT_PRODUCTS_DIR)/BioMotion.app/BioMotion";
			};
			name = Debug;
		};
		3E52B7D09C6F49CF58102327 /* Debug */ = {
			isa = XCBuildConfiguration;
			buildSettings = {
				ASSETCATALOG_COMPILER_APPICON_NAME = AppIcon;
				CLANG_CXX_LANGUAGE_STANDARD = "c++17";
				CODE_SIGN_ENTITLEMENTS = BioMotion/AssetPack/Support/BioMotion.entitlements;
				CODE_SIGN_IDENTITY = "iPhone Developer";
				CODE_SIGN_STYLE = Automatic;
				CURRENT_PROJECT_VERSION = 29;
				DEVELOPMENT_TEAM = N7VVB6PWZS;
				GCC_PREPROCESSOR_DEFINITIONS = (
					"DART_IOS_BUILD=1",
					"DART_USE_IDENTITY_JACOBIAN=1",
				);
				HEADER_SEARCH_PATHS = (
					"$(PROJECT_DIR)/nimblephysics",
					"$(PROJECT_DIR)/nimblephysics/third_party/eigen",
					"$(PROJECT_DIR)/nimblephysics/third_party/tinyxml2",
					/opt/homebrew/Cellar/boost/1.90.0_1/include,
					"$(PROJECT_DIR)/osqp/include/public",
					"$(PROJECT_DIR)/osqp/include/private",
					"$(PROJECT_DIR)/osqp/build_ios/include/public",
					"$(PROJECT_DIR)/osqp/build_sim/include/public",
				);
				INFOPLIST_FILE = BioMotion/Info.plist;
				LD_RUNPATH_SEARCH_PATHS = (
					"$(inherited)",
					"@executable_path/Frameworks",
				);
				"LIBRARY_SEARCH_PATHS[sdk=iphoneos*]" = (
					"$(PROJECT_DIR)/nimblephysics/build_ios",
					"$(PROJECT_DIR)/osqp/build_ios/out",
				);
				"LIBRARY_SEARCH_PATHS[sdk=iphonesimulator*]" = (
					"$(PROJECT_DIR)/nimblephysics/build_sim",
					"$(PROJECT_DIR)/osqp/build_sim/out",
				);
				MARKETING_VERSION = 1.0.0;
				OTHER_LDFLAGS = (
					"-lnimble_ios",
					"-losqpstatic",
					"-lc++",
				);
				PRODUCT_BUNDLE_IDENTIFIER = com.soleil.BioMotion;
				SDKROOT = iphoneos;
				SWIFT_OBJC_BRIDGING_HEADER = "BioMotion/Nimble/BioMotion-Bridging-Header.h";
				SWIFT_VERSION = 5.9;
				TARGETED_DEVICE_FAMILY = "1,2";
			};
			name = Debug;
		};
		5087BCF06538D5C6F2E5E5DF /* Release */ = {
			isa = XCBuildConfiguration;
			buildSettings = {
				ALWAYS_SEARCH_USER_PATHS = NO;
				CLANG_ANALYZER_NONNULL = YES;
				CLANG_ANALYZER_NUMBER_OBJECT_CONVERSION = YES_AGGRESSIVE;
				CLANG_CXX_LANGUAGE_STANDARD = "gnu++14";
				CLANG_CXX_LIBRARY = "libc++";
				CLANG_ENABLE_MODULES = YES;
				CLANG_ENABLE_OBJC_ARC = YES;
				CLANG_ENABLE_OBJC_WEAK = YES;
				CLANG_WARN_BLOCK_CAPTURE_AUTORELEASING = YES;
				CLANG_WARN_BOOL_CONVERSION = YES;
				CLANG_WARN_COMMA = YES;
				CLANG_WARN_CONSTANT_CONVERSION = YES;
				CLANG_WARN_DEPRECATED_OBJC_IMPLEMENTATIONS = YES;
				CLANG_WARN_DIRECT_OBJC_ISA_USAGE = YES_ERROR;
				CLANG_WARN_DOCUMENTATION_COMMENTS = YES;
				CLANG_WARN_EMPTY_BODY = YES;
				CLANG_WARN_ENUM_CONVERSION = YES;
				CLANG_WARN_INFINITE_RECURSION = YES;
				CLANG_WARN_INT_CONVERSION = YES;
				CLANG_WARN_NON_LITERAL_NULL_CONVERSION = YES;
				CLANG_WARN_OBJC_IMPLICIT_RETAIN_SELF = YES;
				CLANG_WARN_OBJC_LITERAL_CONVERSION = YES;
				CLANG_WARN_OBJC_ROOT_CLASS = YES_ERROR;
				CLANG_WARN_QUOTED_INCLUDE_IN_FRAMEWORK_HEADER = YES;
				CLANG_WARN_RANGE_LOOP_ANALYSIS = YES;
				CLANG_WARN_STRICT_PROTOTYPES = YES;
				CLANG_WARN_SUSPICIOUS_MOVE = YES;
				CLANG_WARN_UNGUARDED_AVAILABILITY = YES_AGGRESSIVE;
				CLANG_WARN_UNREACHABLE_CODE = YES;
				CLANG_WARN__DUPLICATE_METHOD_MATCH = YES;
				COPY_PHASE_STRIP = NO;
				DEBUG_INFORMATION_FORMAT = "dwarf-with-dsym";
				ENABLE_NS_ASSERTIONS = NO;
				ENABLE_STRICT_OBJC_MSGSEND = YES;
				GCC_C_LANGUAGE_STANDARD = gnu11;
				GCC_NO_COMMON_BLOCKS = YES;
				GCC_WARN_64_TO_32_BIT_CONVERSION = YES;
				GCC_WARN_ABOUT_RETURN_TYPE = YES_ERROR;
				GCC_WARN_UNDECLARED_SELECTOR = YES;
				GCC_WARN_UNINITIALIZED_AUTOS = YES_AGGRESSIVE;
				GCC_WARN_UNUSED_FUNCTION = YES;
				GCC_WARN_UNUSED_VARIABLE = YES;
				IPHONEOS_DEPLOYMENT_TARGET = 26.0;
				MTL_ENABLE_DEBUG_INFO = NO;
				MTL_FAST_MATH = YES;
				PRODUCT_NAME = "$(TARGET_NAME)";
				SDKROOT = iphoneos;
				SWIFT_COMPILATION_MODE = wholemodule;
				SWIFT_OPTIMIZATION_LEVEL = "-O";
				SWIFT_VERSION = 5.0;
			};
			name = Release;
		};
		96DDE3B83DEC469F28CACF98 /* Release */ = {
			isa = XCBuildConfiguration;
			buildSettings = {
				BUNDLE_LOADER = "$(TEST_HOST)";
				CLANG_CXX_LANGUAGE_STANDARD = "c++17";
				GCC_PREPROCESSOR_DEFINITIONS = (
					"$(inherited)",
					"DART_IOS_BUILD=1",
					"DART_USE_IDENTITY_JACOBIAN=1",
				);
				GENERATE_INFOPLIST_FILE = YES;
				HEADER_SEARCH_PATHS = (
					"$(PROJECT_DIR)/BioMotion/Nimble",
					"$(PROJECT_DIR)/nimblephysics",
					"$(PROJECT_DIR)/nimblephysics/third_party/eigen",
					"$(PROJECT_DIR)/nimblephysics/third_party/tinyxml2",
					/opt/homebrew/Cellar/boost/1.90.0_1/include,
				);
				LD_RUNPATH_SEARCH_PATHS = (
					"$(inherited)",
					"@executable_path/Frameworks",
					"@loader_path/Frameworks",
				);
				"LIBRARY_SEARCH_PATHS[sdk=iphoneos*]" = (
					"$(PROJECT_DIR)/nimblephysics/build_ios",
				);
				"LIBRARY_SEARCH_PATHS[sdk=iphonesimulator*]" = (
					"$(PROJECT_DIR)/nimblephysics/build_sim",
				);
				OTHER_LDFLAGS = (
					"-lnimble_ios",
					"-lc++",
				);
				PRODUCT_BUNDLE_IDENTIFIER = com.soleil.BioMotionTests;
				SDKROOT = iphoneos;
				SWIFT_VERSION = 5.9;
				TARGETED_DEVICE_FAMILY = "1,2";
				TEST_HOST = "$(BUILT_PRODUCTS_DIR)/BioMotion.app/BioMotion";
			};
			name = Release;
		};
		A861DDDA1175B38EEE157B9C /* Debug */ = {
			isa = XCBuildConfiguration;
			buildSettings = {
				ALWAYS_SEARCH_USER_PATHS = NO;
				CLANG_ANALYZER_NONNULL = YES;
				CLANG_ANALYZER_NUMBER_OBJECT_CONVERSION = YES_AGGRESSIVE;
				CLANG_CXX_LANGUAGE_STANDARD = "gnu++14";
				CLANG_CXX_LIBRARY = "libc++";
				CLANG_ENABLE_MODULES = YES;
				CLANG_ENABLE_OBJC_ARC = YES;
				CLANG_ENABLE_OBJC_WEAK = YES;
				CLANG_WARN_BLOCK_CAPTURE_AUTORELEASING = YES;
				CLANG_WARN_BOOL_CONVERSION = YES;
				CLANG_WARN_COMMA = YES;
				CLANG_WARN_CONSTANT_CONVERSION = YES;
				CLANG_WARN_DEPRECATED_OBJC_IMPLEMENTATIONS = YES;
				CLANG_WARN_DIRECT_OBJC_ISA_USAGE = YES_ERROR;
				CLANG_WARN_DOCUMENTATION_COMMENTS = YES;
				CLANG_WARN_EMPTY_BODY = YES;
				CLANG_WARN_ENUM_CONVERSION = YES;
				CLANG_WARN_INFINITE_RECURSION = YES;
				CLANG_WARN_INT_CONVERSION = YES;
				CLANG_WARN_NON_LITERAL_NULL_CONVERSION = YES;
				CLANG_WARN_OBJC_IMPLICIT_RETAIN_SELF = YES;
				CLANG_WARN_OBJC_LITERAL_CONVERSION = YES;
				CLANG_WARN_OBJC_ROOT_CLASS = YES_ERROR;
				CLANG_WARN_QUOTED_INCLUDE_IN_FRAMEWORK_HEADER = YES;
				CLANG_WARN_RANGE_LOOP_ANALYSIS = YES;
				CLANG_WARN_STRICT_PROTOTYPES = YES;
				CLANG_WARN_SUSPICIOUS_MOVE = YES;
				CLANG_WARN_UNGUARDED_AVAILABILITY = YES_AGGRESSIVE;
				CLANG_WARN_UNREACHABLE_CODE = YES;
				CLANG_WARN__DUPLICATE_METHOD_MATCH = YES;
				COPY_PHASE_STRIP = NO;
				DEBUG_INFORMATION_FORMAT = dwarf;
				ENABLE_STRICT_OBJC_MSGSEND = YES;
				ENABLE_TESTABILITY = YES;
				GCC_C_LANGUAGE_STANDARD = gnu11;
				GCC_DYNAMIC_NO_PIC = NO;
				GCC_NO_COMMON_BLOCKS = YES;
				GCC_OPTIMIZATION_LEVEL = 0;
				GCC_PREPROCESSOR_DEFINITIONS = (
					"$(inherited)",
					"DEBUG=1",
				);
				GCC_WARN_64_TO_32_BIT_CONVERSION = YES;
				GCC_WARN_ABOUT_RETURN_TYPE = YES_ERROR;
				GCC_WARN_UNDECLARED_SELECTOR = YES;
				GCC_WARN_UNINITIALIZED_AUTOS = YES_AGGRESSIVE;
				GCC_WARN_UNUSED_FUNCTION = YES;
				GCC_WARN_UNUSED_VARIABLE = YES;
				IPHONEOS_DEPLOYMENT_TARGET = 26.0;
				MTL_ENABLE_DEBUG_INFO = INCLUDE_SOURCE;
				MTL_FAST_MATH = YES;
				ONLY_ACTIVE_ARCH = YES;
				PRODUCT_NAME = "$(TARGET_NAME)";
				SDKROOT = iphoneos;
				SWIFT_ACTIVE_COMPILATION_CONDITIONS = DEBUG;
				SWIFT_OPTIMIZATION_LEVEL = "-Onone";
				SWIFT_VERSION = 5.0;
			};
			name = Debug;
		};
		B118EE2C1CB962C622511743 /* Debug */ = {
			isa = XCBuildConfiguration;
			buildSettings = {
				CODE_SIGN_ENTITLEMENTS = BioMotion/AssetPack/Support/AssetPackDownloader.entitlements;
				CODE_SIGN_STYLE = Automatic;
				CURRENT_PROJECT_VERSION = 29;
				DEVELOPMENT_TEAM = N7VVB6PWZS;
				INFOPLIST_FILE = "BioMotion/AssetPack/Support/AssetPackDownloader-Info.plist";
				LD_RUNPATH_SEARCH_PATHS = (
					"$(inherited)",
					"@executable_path/Frameworks",
				);
				MARKETING_VERSION = 1.0.0;
				PRODUCT_BUNDLE_IDENTIFIER = com.soleil.BioMotion.AssetPackDownloader;
				SDKROOT = iphoneos;
				SWIFT_VERSION = 5.9;
				TARGETED_DEVICE_FAMILY = "1,2";
			};
			name = Debug;
		};
		D2BC5DCD2FF0E9CAA1C90FC2 /* Release */ = {
			isa = XCBuildConfiguration;
			buildSettings = {
				ASSETCATALOG_COMPILER_APPICON_NAME = AppIcon;
				CLANG_CXX_LANGUAGE_STANDARD = "c++17";
				CODE_SIGN_ENTITLEMENTS = BioMotion/AssetPack/Support/BioMotion.entitlements;
				CODE_SIGN_IDENTITY = "iPhone Developer";
				CODE_SIGN_STYLE = Automatic;
				CURRENT_PROJECT_VERSION = 29;
				DEVELOPMENT_TEAM = N7VVB6PWZS;
				GCC_PREPROCESSOR_DEFINITIONS = (
					"DART_IOS_BUILD=1",
					"DART_USE_IDENTITY_JACOBIAN=1",
				);
				HEADER_SEARCH_PATHS = (
					"$(PROJECT_DIR)/nimblephysics",
					"$(PROJECT_DIR)/nimblephysics/third_party/eigen",
					"$(PROJECT_DIR)/nimblephysics/third_party/tinyxml2",
					/opt/homebrew/Cellar/boost/1.90.0_1/include,
					"$(PROJECT_DIR)/osqp/include/public",
					"$(PROJECT_DIR)/osqp/include/private",
					"$(PROJECT_DIR)/osqp/build_ios/include/public",
					"$(PROJECT_DIR)/osqp/build_sim/include/public",
				);
				INFOPLIST_FILE = BioMotion/Info.plist;
				LD_RUNPATH_SEARCH_PATHS = (
					"$(inherited)",
					"@executable_path/Frameworks",
				);
				"LIBRARY_SEARCH_PATHS[sdk=iphoneos*]" = (
					"$(PROJECT_DIR)/nimblephysics/build_ios",
					"$(PROJECT_DIR)/osqp/build_ios/out",
				);
				"LIBRARY_SEARCH_PATHS[sdk=iphonesimulator*]" = (
					"$(PROJECT_DIR)/nimblephysics/build_sim",
					"$(PROJECT_DIR)/osqp/build_sim/out",
				);
				MARKETING_VERSION = 1.0.0;
				OTHER_LDFLAGS = (
					"-lnimble_ios",
					"-losqpstatic",
					"-lc++",
				);
				PRODUCT_BUNDLE_IDENTIFIER = com.soleil.BioMotion;
				SDKROOT = iphoneos;
				SWIFT_OBJC_BRIDGING_HEADER = "BioMotion/Nimble/BioMotion-Bridging-Header.h";
				SWIFT_VERSION = 5.9;
				TARGETED_DEVICE_FAMILY = "1,2";
			};
			name = Release;
		};
		D91B25AF25B4F7DAA8A57052 /* Release */ = {
			isa = XCBuildConfiguration;
			buildSettings = {
				CODE_SIGN_ENTITLEMENTS = BioMotion/AssetPack/Support/AssetPackDownloader.entitlements;
				CODE_SIGN_STYLE = Automatic;
				CURRENT_PROJECT_VERSION = 29;
				DEVELOPMENT_TEAM = N7VVB6PWZS;
				INFOPLIST_FILE = "BioMotion/AssetPack/Support/AssetPackDownloader-Info.plist";
				LD_RUNPATH_SEARCH_PATHS = (
					"$(inherited)",
					"@executable_path/Frameworks",
				);
				MARKETING_VERSION = 1.0.0;
				PRODUCT_BUNDLE_IDENTIFIER = com.soleil.BioMotion.AssetPackDownloader;
				SDKROOT = iphoneos;
				SWIFT_VERSION = 5.9;
				TARGETED_DEVICE_FAMILY = "1,2";
			};
			name = Release;
		};
/* End XCBuildConfiguration section */

/* Begin XCConfigurationList section */
		48BE9F4C8F9B377B71B58278 /* Build configuration list for PBXNativeTarget "AssetPackDownloader" */ = {
			isa = XCConfigurationList;
			buildConfigurations = (
				B118EE2C1CB962C622511743 /* Debug */,
				D91B25AF25B4F7DAA8A57052 /* Release */,
			);
			defaultConfigurationIsVisible = 0;
			defaultConfigurationName = Debug;
		};
		BBD8AA9B86F67B4ED7141590 /* Build configuration list for PBXNativeTarget "BioMotion" */ = {
			isa = XCConfigurationList;
			buildConfigurations = (
				3E52B7D09C6F49CF58102327 /* Debug */,
				D2BC5DCD2FF0E9CAA1C90FC2 /* Release */,
			);
			defaultConfigurationIsVisible = 0;
			defaultConfigurationName = Debug;
		};
		D1BF11889E36EEB517C90285 /* Build configuration list for PBXProject "BioMotion" */ = {
			isa = XCConfigurationList;
			buildConfigurations = (
				A861DDDA1175B38EEE157B9C /* Debug */,
				5087BCF06538D5C6F2E5E5DF /* Release */,
			);
			defaultConfigurationIsVisible = 0;
			defaultConfigurationName = Debug;
		};
		FE5893BA0E5923FD105D3818 /* Build configuration list for PBXNativeTarget "BioMotionTests" */ = {
			isa = XCConfigurationList;
			buildConfigurations = (
				22B447A348DB5C46EF0C8EAB /* Debug */,
				96DDE3B83DEC469F28CACF98 /* Release */,
			);
			defaultConfigurationIsVisible = 0;
			defaultConfigurationName = Debug;
		};
/* End XCConfigurationList section */
	};
	rootObject = 7731D9CB2453DC13E6EB68FE /* Project object */;
}
